
Microsoft Visual Studio Solution File, Format Version 12.00
# Visual Studio Version 17
VisualStudioVersion = 17.0.31919.166
MinimumVisualStudioVersion = 10.0.40219.1
Project("{FAE04EC0-301F-11D3-BF4B-00C04F79EFBC}") = "EasyTestAnyThing", "EasyTestAnyThing\EasyTestAnyThing.csproj", "{49F050CB-697D-4FEC-A5CF-5705F689E930}"
EndProject
Global
	GlobalSection(SolutionConfigurationPlatforms) = preSolution
		Debug|Any CPU = Debug|Any CPU
		Release|Any CPU = Release|Any CPU
	EndGlobalSection
	GlobalSection(ProjectConfigurationPlatforms) = postSolution
		{49F050CB-697D-4FEC-A5CF-5705F689E930}.Debug|Any CPU.ActiveCfg = Debug|Any CPU
		{49F050CB-697D-4FEC-A5CF-5705F689E930}.Debug|Any CPU.Build.0 = Debug|Any CPU
		{49F050CB-697D-4FEC-A5CF-5705F689E930}.Release|Any CPU.ActiveCfg = Release|Any CPU
		{49F050CB-697D-4FEC-A5CF-5705F689E930}.Release|Any CPU.Build.0 = Release|Any CPU
	EndGlobalSection
	GlobalSection(SolutionProperties) = preSolution
		HideSolutionNode = FALSE
	EndGlobalSection
	GlobalSection(ExtensibilityGlobals) = postSolution
		SolutionGuid = {2C9E7092-046D-499B-B391-06FD104647B5}
	EndGlobalSection
EndGlobal
